
Microsoft Visual Studio Solution File, Format Version 12.00
# Visual Studio Version 17
VisualStudioVersion = 17.10.35122.118
MinimumVisualStudioVersion = 10.0.40219.1
Project("{FAE04EC0-301F-11D3-BF4B-00C04F79EFBC}") = "BlogPlatformCleanArchitecture.Domain", "BlogPlatformCleanArchitecture.Domain\BlogPlatformCleanArchitecture.Domain.csproj", "{A5AA6BF2-9F8A-4ADB-BB50-386BC5E05715}"
EndProject
Project("{FAE04EC0-301F-11D3-BF4B-00C04F79EFBC}") = "BlogPlatformCleanArchitecture.Application", "BlogPlatformCleanArchitecture.Application\BlogPlatformCleanArchitecture.Application.csproj", "{F13CF6C8-EE57-4DB0-B38F-D59A107FC908}"
EndProject
Project("{FAE04EC0-301F-11D3-BF4B-00C04F79EFBC}") = "BlogPlatformCleanArchitecture.Infrastructure", "BlogPlatformCleanArchitecture.Infrastructure\BlogPlatformCleanArchitecture.Infrastructure.csproj", "{C3D1B23F-C593-482B-AF87-1660E8615F90}"
EndProject
Project("{FAE04EC0-301F-11D3-BF4B-00C04F79EFBC}") = "BlogPlatformCleanArchitecture.Api", "BlogPlatformCleanArchitecture.Api\BlogPlatformCleanArchitecture.Api.csproj", "{AB6056FA-F6D5-49CE-AA39-216059C1EE4F}"
EndProject
Global
	GlobalSection(SolutionConfigurationPlatforms) = preSolution
		Debug|Any CPU = Debug|Any CPU
		Release|Any CPU = Release|Any CPU
	EndGlobalSection
	GlobalSection(ProjectConfigurationPlatforms) = postSolution
		{A5AA6BF2-9F8A-4ADB-BB50-386BC5E05715}.Debug|Any CPU.ActiveCfg = Debug|Any CPU
		{A5AA6BF2-9F8A-4ADB-BB50-386BC5E05715}.Debug|Any CPU.Build.0 = Debug|Any CPU
		{A5AA6BF2-9F8A-4ADB-BB50-386BC5E05715}.Release|Any CPU.ActiveCfg = Release|Any CPU
		{A5AA6BF2-9F8A-4ADB-BB50-386BC5E05715}.Release|Any CPU.Build.0 = Release|Any CPU
		{F13CF6C8-EE57-4DB0-B38F-D59A107FC908}.Debug|Any CPU.ActiveCfg = Debug|Any CPU
		{F13CF6C8-EE57-4DB0-B38F-D59A107FC908}.Debug|Any CPU.Build.0 = Debug|Any CPU
		{F13CF6C8-EE57-4DB0-B38F-D59A107FC908}.Release|Any CPU.ActiveCfg = Release|Any CPU
		{F13CF6C8-EE57-4DB0-B38F-D59A107FC908}.Release|Any CPU.Build.0 = Release|Any CPU
		{C3D1B23F-C593-482B-AF87-1660E8615F90}.Debug|Any CPU.ActiveCfg = Debug|Any CPU
		{C3D1B23F-C593-482B-AF87-1660E8615F90}.Debug|Any CPU.Build.0 = Debug|Any CPU
		{C3D1B23F-C593-482B-AF87-1660E8615F90}.Release|Any CPU.ActiveCfg = Release|Any CPU
		{C3D1B23F-C593-482B-AF87-1660E8615F90}.Release|Any CPU.Build.0 = Release|Any CPU
		{AB6056FA-F6D5-49CE-AA39-216059C1EE4F}.Debug|Any CPU.ActiveCfg = Debug|Any CPU
		{AB6056FA-F6D5-49CE-AA39-216059C1EE4F}.Debug|Any CPU.Build.0 = Debug|Any CPU
		{AB6056FA-F6D5-49CE-AA39-216059C1EE4F}.Release|Any CPU.ActiveCfg = Release|Any CPU
		{AB6056FA-F6D5-49CE-AA39-216059C1EE4F}.Release|Any CPU.Build.0 = Release|Any CPU
	EndGlobalSection
	GlobalSection(SolutionProperties) = preSolution
		HideSolutionNode = FALSE
	EndGlobalSection
	GlobalSection(ExtensibilityGlobals) = postSolution
		SolutionGuid = {CE31A226-AFBD-4D4A-B390-84B861A098E6}
	EndGlobalSection
EndGlobal
